
Microsoft Visual Studio Solution File, Format Version 12.00
# Visual Studio Version 17
VisualStudioVersion = 17.9.34902.65
MinimumVisualStudioVersion = 10.0.40219.1
Project("{FAE04EC0-301F-11D3-BF4B-00C04F79EFBC}") = "TwinSocket", "TwinSocket\TwinSocket.csproj", "{C548A5BD-B017-4E9B-B24B-2B70DA8FED79}"
EndProject
Global
	GlobalSection(SolutionConfigurationPlatforms) = preSolution
		Debug|Any CPU = Debug|Any CPU
		Release|Any CPU = Release|Any CPU
	EndGlobalSection
	GlobalSection(ProjectConfigurationPlatforms) = postSolution
		{C548A5BD-B017-4E9B-B24B-2B70DA8FED79}.Debug|Any CPU.ActiveCfg = Debug|Any CPU
		{C548A5BD-B017-4E9B-B24B-2B70DA8FED79}.Debug|Any CPU.Build.0 = Debug|Any CPU
		{C548A5BD-B017-4E9B-B24B-2B70DA8FED79}.Release|Any CPU.ActiveCfg = Release|Any CPU
		{C548A5BD-B017-4E9B-B24B-2B70DA8FED79}.Release|Any CPU.Build.0 = Release|Any CPU
	EndGlobalSection
	GlobalSection(SolutionProperties) = preSolution
		HideSolutionNode = FALSE
	EndGlobalSection
	GlobalSection(ExtensibilityGlobals) = postSolution
		SolutionGuid = {2F415CA5-B093-4774-A2A7-EB650A3F41F2}
	EndGlobalSection
EndGlobal
